
Microsoft Visual Studio Solution File, Format Version 12.00
# Visual Studio Version 17
VisualStudioVersion = 17.6.33801.468
MinimumVisualStudioVersion = 10.0.40219.1
Project("{FAE04EC0-301F-11D3-BF4B-00C04F79EFBC}") = "ProyectoRestaurante", "ProyectoRestaurante\ProyectoRestaurante.csproj", "{265A9CBF-BD2C-470F-90CF-49FDCA5E54D0}"
EndProject
Global
	GlobalSection(SolutionConfigurationPlatforms) = preSolution
		Debug|Any CPU = Debug|Any CPU
		Release|Any CPU = Release|Any CPU
	EndGlobalSection
	GlobalSection(ProjectConfigurationPlatforms) = postSolution
		{265A9CBF-BD2C-470F-90CF-49FDCA5E54D0}.Debug|Any CPU.ActiveCfg = Debug|Any CPU
		{265A9CBF-BD2C-470F-90CF-49FDCA5E54D0}.Debug|Any CPU.Build.0 = Debug|Any CPU
		{265A9CBF-BD2C-470F-90CF-49FDCA5E54D0}.Release|Any CPU.ActiveCfg = Release|Any CPU
		{265A9CBF-BD2C-470F-90CF-49FDCA5E54D0}.Release|Any CPU.Build.0 = Release|Any CPU
	EndGlobalSection
	GlobalSection(SolutionProperties) = preSolution
		HideSolutionNode = FALSE
	EndGlobalSection
	GlobalSection(ExtensibilityGlobals) = postSolution
		SolutionGuid = {610432CD-583F-4C34-B779-EF64ED85E739}
	EndGlobalSection
EndGlobal
